
Microsoft Visual Studio Solution File, Format Version 10.00
# Visual Studio 2008
Project("{FAE04EC0-301F-11D3-BF4B-00C04F79EFBC}") = "Indexzor", "Indexzor\Indexzor.csproj", "{3684D9B2-AA40-4A2B-B2A4-307DA5139AFB}"
EndProject
Project("{FAE04EC0-301F-11D3-BF4B-00C04F79EFBC}") = "Indexzor.Common", "Indexzor.Common\Indexzor.Common.csproj", "{712A1D49-CC34-47E2-84B9-D709E18F8AB3}"
EndProject
Global
	GlobalSection(SolutionConfigurationPlatforms) = preSolution
		Debug|Any CPU = Debug|Any CPU
		Release|Any CPU = Release|Any CPU
	EndGlobalSection
	GlobalSection(ProjectConfigurationPlatforms) = postSolution
		{3684D9B2-AA40-4A2B-B2A4-307DA5139AFB}.Debug|Any CPU.ActiveCfg = Debug|Any CPU
		{3684D9B2-AA40-4A2B-B2A4-307DA5139AFB}.Debug|Any CPU.Build.0 = Debug|Any CPU
		{3684D9B2-AA40-4A2B-B2A4-307DA5139AFB}.Release|Any CPU.ActiveCfg = Release|Any CPU
		{3684D9B2-AA40-4A2B-B2A4-307DA5139AFB}.Release|Any CPU.Build.0 = Release|Any CPU
		{712A1D49-CC34-47E2-84B9-D709E18F8AB3}.Debug|Any CPU.ActiveCfg = Debug|Any CPU
		{712A1D49-CC34-47E2-84B9-D709E18F8AB3}.Debug|Any CPU.Build.0 = Debug|Any CPU
		{712A1D49-CC34-47E2-84B9-D709E18F8AB3}.Release|Any CPU.ActiveCfg = Release|Any CPU
		{712A1D49-CC34-47E2-84B9-D709E18F8AB3}.Release|Any CPU.Build.0 = Release|Any CPU
	EndGlobalSection
	GlobalSection(SolutionProperties) = preSolution
		HideSolutionNode = FALSE
	EndGlobalSection
EndGlobal
